
Microsoft Visual Studio Solution File, Format Version 12.00
# Visual Studio 15
VisualStudioVersion = 15.0.28307.271
MinimumVisualStudioVersion = 10.0.40219.1
Project("{9A19103F-16F7-4668-BE54-9A1E7A4F7556}") = "TickettingSystem", "TickettingSystem\TickettingSystem.csproj", "{7F2B721B-7404-4E8B-A71B-52229293D441}"
EndProject
Project("{9A19103F-16F7-4668-BE54-9A1E7A4F7556}") = "TickettingSystem.Api", "TickettingSystem.Api\TickettingSystem.Api.csproj", "{9E5CCC7A-CBC9-451F-9D41-2CD3683141E5}"
EndProject
Project("{9A19103F-16F7-4668-BE54-9A1E7A4F7556}") = "AuthenticationServer", "AuthenticationServer\AuthenticationServer.csproj", "{3ECCDE11-E782-4F5E-B066-3EC3324B8B1A}"
EndProject
Project("{9A19103F-16F7-4668-BE54-9A1E7A4F7556}") = "TicketttingSystem.Lib", "TicketttingSystem.Lib\TicketttingSystem.Lib.csproj", "{A9DF7014-4F5A-44D5-AD4F-2004C7172F68}"
EndProject
Project("{9A19103F-16F7-4668-BE54-9A1E7A4F7556}") = "StarterDBA", "StarterDBA\StarterDBA.csproj", "{A957F95E-6ACE-4886-B786-A45AEB1F3DA0}"
EndProject
Project("{FAE04EC0-301F-11D3-BF4B-00C04F79EFBC}") = "TickettingSystem.Data", "TickettingSystem.Data\TickettingSystem.Data.csproj", "{875963A7-B648-42B5-BCE8-310E49403DE6}"
EndProject
Project("{FAE04EC0-301F-11D3-BF4B-00C04F79EFBC}") = "TickettingSystem.Services", "TickettingSystem.Services\TickettingSystem.Services.csproj", "{AED80C4D-0776-4386-819A-FD47F4715C8E}"
EndProject
Project("{FAE04EC0-301F-11D3-BF4B-00C04F79EFBC}") = "TickettingSystem.Core", "TickettingSystem.Core\TickettingSystem.Core.csproj", "{81EDECAB-8181-40EF-AC2B-13372EAF40D7}"
EndProject
Global
	GlobalSection(SolutionConfigurationPlatforms) = preSolution
		Debug|Any CPU = Debug|Any CPU
		Release|Any CPU = Release|Any CPU
	EndGlobalSection
	GlobalSection(ProjectConfigurationPlatforms) = postSolution
		{7F2B721B-7404-4E8B-A71B-52229293D441}.Debug|Any CPU.ActiveCfg = Debug|Any CPU
		{7F2B721B-7404-4E8B-A71B-52229293D441}.Debug|Any CPU.Build.0 = Debug|Any CPU
		{7F2B721B-7404-4E8B-A71B-52229293D441}.Release|Any CPU.ActiveCfg = Release|Any CPU
		{7F2B721B-7404-4E8B-A71B-52229293D441}.Release|Any CPU.Build.0 = Release|Any CPU
		{9E5CCC7A-CBC9-451F-9D41-2CD3683141E5}.Debug|Any CPU.ActiveCfg = Debug|Any CPU
		{9E5CCC7A-CBC9-451F-9D41-2CD3683141E5}.Debug|Any CPU.Build.0 = Debug|Any CPU
		{9E5CCC7A-CBC9-451F-9D41-2CD3683141E5}.Release|Any CPU.ActiveCfg = Release|Any CPU
		{9E5CCC7A-CBC9-451F-9D41-2CD3683141E5}.Release|Any CPU.Build.0 = Release|Any CPU
		{3ECCDE11-E782-4F5E-B066-3EC3324B8B1A}.Debug|Any CPU.ActiveCfg = Debug|Any CPU
		{3ECCDE11-E782-4F5E-B066-3EC3324B8B1A}.Debug|Any CPU.Build.0 = Debug|Any CPU
		{3ECCDE11-E782-4F5E-B066-3EC3324B8B1A}.Release|Any CPU.ActiveCfg = Release|Any CPU
		{3ECCDE11-E782-4F5E-B066-3EC3324B8B1A}.Release|Any CPU.Build.0 = Release|Any CPU
		{A9DF7014-4F5A-44D5-AD4F-2004C7172F68}.Debug|Any CPU.ActiveCfg = Debug|Any CPU
		{A9DF7014-4F5A-44D5-AD4F-2004C7172F68}.Debug|Any CPU.Build.0 = Debug|Any CPU
		{A9DF7014-4F5A-44D5-AD4F-2004C7172F68}.Release|Any CPU.ActiveCfg = Release|Any CPU
		{A9DF7014-4F5A-44D5-AD4F-2004C7172F68}.Release|Any CPU.Build.0 = Release|Any CPU
		{A957F95E-6ACE-4886-B786-A45AEB1F3DA0}.Debug|Any CPU.ActiveCfg = Debug|Any CPU
		{A957F95E-6ACE-4886-B786-A45AEB1F3DA0}.Debug|Any CPU.Build.0 = Debug|Any CPU
		{A957F95E-6ACE-4886-B786-A45AEB1F3DA0}.Release|Any CPU.ActiveCfg = Release|Any CPU
		{A957F95E-6ACE-4886-B786-A45AEB1F3DA0}.Release|Any CPU.Build.0 = Release|Any CPU
		{875963A7-B648-42B5-BCE8-310E49403DE6}.Debug|Any CPU.ActiveCfg = Debug|Any CPU
		{875963A7-B648-42B5-BCE8-310E49403DE6}.Debug|Any CPU.Build.0 = Debug|Any CPU
		{875963A7-B648-42B5-BCE8-310E49403DE6}.Release|Any CPU.ActiveCfg = Release|Any CPU
		{875963A7-B648-42B5-BCE8-310E49403DE6}.Release|Any CPU.Build.0 = Release|Any CPU
		{AED80C4D-0776-4386-819A-FD47F4715C8E}.Debug|Any CPU.ActiveCfg = Debug|Any CPU
		{AED80C4D-0776-4386-819A-FD47F4715C8E}.Debug|Any CPU.Build.0 = Debug|Any CPU
		{AED80C4D-0776-4386-819A-FD47F4715C8E}.Release|Any CPU.ActiveCfg = Release|Any CPU
		{AED80C4D-0776-4386-819A-FD47F4715C8E}.Release|Any CPU.Build.0 = Release|Any CPU
		{81EDECAB-8181-40EF-AC2B-13372EAF40D7}.Debug|Any CPU.ActiveCfg = Debug|Any CPU
		{81EDECAB-8181-40EF-AC2B-13372EAF40D7}.Debug|Any CPU.Build.0 = Debug|Any CPU
		{81EDECAB-8181-40EF-AC2B-13372EAF40D7}.Release|Any CPU.ActiveCfg = Release|Any CPU
		{81EDECAB-8181-40EF-AC2B-13372EAF40D7}.Release|Any CPU.Build.0 = Release|Any CPU
	EndGlobalSection
	GlobalSection(SolutionProperties) = preSolution
		HideSolutionNode = FALSE
	EndGlobalSection
	GlobalSection(ExtensibilityGlobals) = postSolution
		SolutionGuid = {459FF8D0-D4BF-425D-B417-CAEF49496559}
	EndGlobalSection
EndGlobal
