
Microsoft Visual Studio Solution File, Format Version 12.00
# Visual Studio 15
VisualStudioVersion = 15.0.28307.271
MinimumVisualStudioVersion = 10.0.40219.1
Project("{FAE04EC0-301F-11D3-BF4B-00C04F79EFBC}") = "TickettingSystem", "TickettingSystem\TickettingSystem.csproj", "{7F2B721B-7404-4E8B-A71B-52229293D441}"
EndProject
Project("{FAE04EC0-301F-11D3-BF4B-00C04F79EFBC}") = "TickettingSystem.Api", "TickettingSystem.Api\TickettingSystem.Api.csproj", "{9E5CCC7A-CBC9-451F-9D41-2CD3683141E5}"
EndProject
Global
	GlobalSection(SolutionConfigurationPlatforms) = preSolution
		Debug|Any CPU = Debug|Any CPU
		Release|Any CPU = Release|Any CPU
	EndGlobalSection
	GlobalSection(ProjectConfigurationPlatforms) = postSolution
		{7F2B721B-7404-4E8B-A71B-52229293D441}.Debug|Any CPU.ActiveCfg = Debug|Any CPU
		{7F2B721B-7404-4E8B-A71B-52229293D441}.Debug|Any CPU.Build.0 = Debug|Any CPU
		{7F2B721B-7404-4E8B-A71B-52229293D441}.Release|Any CPU.ActiveCfg = Release|Any CPU
		{7F2B721B-7404-4E8B-A71B-52229293D441}.Release|Any CPU.Build.0 = Release|Any CPU
		{9E5CCC7A-CBC9-451F-9D41-2CD3683141E5}.Debug|Any CPU.ActiveCfg = Debug|Any CPU
		{9E5CCC7A-CBC9-451F-9D41-2CD3683141E5}.Debug|Any CPU.Build.0 = Debug|Any CPU
		{9E5CCC7A-CBC9-451F-9D41-2CD3683141E5}.Release|Any CPU.ActiveCfg = Release|Any CPU
		{9E5CCC7A-CBC9-451F-9D41-2CD3683141E5}.Release|Any CPU.Build.0 = Release|Any CPU
	EndGlobalSection
	GlobalSection(SolutionProperties) = preSolution
		HideSolutionNode = FALSE
	EndGlobalSection
	GlobalSection(ExtensibilityGlobals) = postSolution
		SolutionGuid = {459FF8D0-D4BF-425D-B417-CAEF49496559}
	EndGlobalSection
EndGlobal
